
Microsoft Visual Studio Solution File, Format Version 12.00
# Visual Studio Version 16
VisualStudioVersion = 16.0.31112.23
MinimumVisualStudioVersion = 10.0.40219.1
Project("{FAE04EC0-301F-11D3-BF4B-00C04F79EFBC}") = "SuperheroProject", "SuperheroProject\SuperheroProject.csproj", "{275CA713-CBF2-4EAD-A49A-49D98D092357}"
EndProject
Global
	GlobalSection(SolutionConfigurationPlatforms) = preSolution
		Debug|Any CPU = Debug|Any CPU
		Release|Any CPU = Release|Any CPU
	EndGlobalSection
	GlobalSection(ProjectConfigurationPlatforms) = postSolution
		{275CA713-CBF2-4EAD-A49A-49D98D092357}.Debug|Any CPU.ActiveCfg = Debug|Any CPU
		{275CA713-CBF2-4EAD-A49A-49D98D092357}.Debug|Any CPU.Build.0 = Debug|Any CPU
		{275CA713-CBF2-4EAD-A49A-49D98D092357}.Release|Any CPU.ActiveCfg = Release|Any CPU
		{275CA713-CBF2-4EAD-A49A-49D98D092357}.Release|Any CPU.Build.0 = Release|Any CPU
	EndGlobalSection
	GlobalSection(SolutionProperties) = preSolution
		HideSolutionNode = FALSE
	EndGlobalSection
	GlobalSection(ExtensibilityGlobals) = postSolution
		SolutionGuid = {387F09D1-F450-4D21-8272-DDEFAA9475A8}
	EndGlobalSection
EndGlobal
